// !$*UTF8*$!
{
	archiveVersion = 1;
	classes = {
	};
	objectVersion = 77;
	objects = {

/* Begin PBXContainerItemProxy section */
		C045C3932D2C86A900069E5F /* PBXContainerItemProxy */ = {
			isa = PBXContainerItemProxy;
			containerPortal = C045C3792D2C86A600069E5F /* Project object */;
			proxyType = 1;
			remoteGlobalIDString = C045C3802D2C86A600069E5F;
			remoteInfo = HeartBeats;
		};
		C045C39D2D2C86A900069E5F /* PBXContainerItemProxy */ = {
			isa = PBXContainerItemProxy;
			containerPortal = C045C3792D2C86A600069E5F /* Project object */;
			proxyType = 1;
			remoteGlobalIDString = C045C3802D2C86A600069E5F;
			remoteInfo = HeartBeats;
		};
/* End PBXContainerItemProxy section */

/* Begin PBXFileReference section */
		C045C3812D2C86A600069E5F /* HeartBeats.app */ = {isa = PBXFileReference; explicitFileType = wrapper.application; includeInIndex = 0; path = HeartBeats.app; sourceTree = BUILT_PRODUCTS_DIR; };
		C045C3922D2C86A900069E5F /* HeartBeatsTests.xctest */ = {isa = PBXFileReference; explicitFileType = wrapper.cfbundle; includeInIndex = 0; path = HeartBeatsTests.xctest; sourceTree = BUILT_PRODUCTS_DIR; };
		C045C39C2D2C86A900069E5F /* HeartBeatsUITests.xctest */ = {isa = PBXFileReference; explicitFileType = wrapper.cfbundle; includeInIndex = 0; path = HeartBeatsUITests.xctest; sourceTree = BUILT_PRODUCTS_DIR; };
		C0894D1F2D46948D00A78FEA /* build.sh */ = {isa = PBXFileReference; lastKnownFileType = text.script.sh; path = build.sh; sourceTree = "<group>"; };
/* End PBXFileReference section */

/* Begin PBXFileSystemSynchronizedBuildFileExceptionSet section */
		C046E3412D5C01DE0099A30F /* Exceptions for "HeartBeats" folder in "HeartBeats" target */ = {
			isa = PBXFileSystemSynchronizedBuildFileExceptionSet;
			membershipExceptions = (
				Info.plist,
			);
			target = C045C3802D2C86A600069E5F /* HeartBeats */;
		};
/* End PBXFileSystemSynchronizedBuildFileExceptionSet section */

/* Begin PBXFileSystemSynchronizedRootGroup section */
		C045C3832D2C86A600069E5F /* HeartBeats */ = {
			isa = PBXFileSystemSynchronizedRootGroup;
			exceptions = (
				C046E3412D5C01DE0099A30F /* Exceptions for "HeartBeats" folder in "HeartBeats" target */,
			);
			path = HeartBeats;
			sourceTree = "<group>";
		};
		C045C3952D2C86A900069E5F /* HeartBeatsTests */ = {
			isa = PBXFileSystemSynchronizedRootGroup;
			path = HeartBeatsTests;
			sourceTree = "<group>";
		};
		C045C39F2D2C86A900069E5F /* HeartBeatsUITests */ = {
			isa = PBXFileSystemSynchronizedRootGroup;
			path = HeartBeatsUITests;
			sourceTree = "<group>";
		};
		C0894D242D46E88100A78FEA /* GeneratedBinaries */ = {
			isa = PBXFileSystemSynchronizedRootGroup;
			path = GeneratedBinaries;
			sourceTree = "<group>";
		};
/* End PBXFileSystemSynchronizedRootGroup section */

/* Begin PBXFrameworksBuildPhase section */
		C045C37E2D2C86A600069E5F /* Frameworks */ = {
			isa = PBXFrameworksBuildPhase;
			buildActionMask = 2147483647;
			files = (
			);
			runOnlyForDeploymentPostprocessing = 0;
		};
		C045C38F2D2C86A900069E5F /* Frameworks */ = {
			isa = PBXFrameworksBuildPhase;
			buildActionMask = 2147483647;
			files = (
			);
			runOnlyForDeploymentPostprocessing = 0;
		};
		C045C3992D2C86A900069E5F /* Frameworks */ = {
			isa = PBXFrameworksBuildPhase;
			buildActionMask = 2147483647;
			files = (
			);
			runOnlyForDeploymentPostprocessing = 0;
		};
/* End PBXFrameworksBuildPhase section */

/* Begin PBXGroup section */
		C045C3782D2C86A600069E5F = {
			isa = PBXGroup;
			children = (
				C0894D242D46E88100A78FEA /* GeneratedBinaries */,
				C0894D1F2D46948D00A78FEA /* build.sh */,
				C045C3832D2C86A600069E5F /* HeartBeats */,
				C045C3952D2C86A900069E5F /* HeartBeatsTests */,
				C045C39F2D2C86A900069E5F /* HeartBeatsUITests */,
				C045C3822D2C86A600069E5F /* Products */,
			);
			sourceTree = "<group>";
			usesTabs = 0;
		};
		C045C3822D2C86A600069E5F /* Products */ = {
			isa = PBXGroup;
			children = (
				C045C3812D2C86A600069E5F /* HeartBeats.app */,
				C045C3922D2C86A900069E5F /* HeartBeatsTests.xctest */,
				C045C39C2D2C86A900069E5F /* HeartBeatsUITests.xctest */,
			);
			name = Products;
			sourceTree = "<group>";
		};
/* End PBXGroup section */

/* Begin PBXNativeTarget section */
		C045C3802D2C86A600069E5F /* HeartBeats */ = {
			isa = PBXNativeTarget;
			buildConfigurationList = C045C3A62D2C86A900069E5F /* Build configuration list for PBXNativeTarget "HeartBeats" */;
			buildPhases = (
				C045C37D2D2C86A600069E5F /* Sources */,
				C045C37E2D2C86A600069E5F /* Frameworks */,
				C0894D1E2D46946F00A78FEA /* ShellScript */,
				C045C37F2D2C86A600069E5F /* Resources */,
			);
			buildRules = (
			);
			dependencies = (
			);
			fileSystemSynchronizedGroups = (
				C045C3832D2C86A600069E5F /* HeartBeats */,
				C0894D242D46E88100A78FEA /* GeneratedBinaries */,
			);
			name = HeartBeats;
			packageProductDependencies = (
			);
			productName = HeartBeats;
			productReference = C045C3812D2C86A600069E5F /* HeartBeats.app */;
			productType = "com.apple.product-type.application";
		};
		C045C3912D2C86A900069E5F /* HeartBeatsTests */ = {
			isa = PBXNativeTarget;
			buildConfigurationList = C045C3A92D2C86A900069E5F /* Build configuration list for PBXNativeTarget "HeartBeatsTests" */;
			buildPhases = (
				C045C38E2D2C86A900069E5F /* Sources */,
				C045C38F2D2C86A900069E5F /* Frameworks */,
				C045C3902D2C86A900069E5F /* Resources */,
			);
			buildRules = (
			);
			dependencies = (
				C045C3942D2C86A900069E5F /* PBXTargetDependency */,
			);
			fileSystemSynchronizedGroups = (
				C045C3952D2C86A900069E5F /* HeartBeatsTests */,
			);
			name = HeartBeatsTests;
			packageProductDependencies = (
			);
			productName = HeartBeatsTests;
			productReference = C045C3922D2C86A900069E5F /* HeartBeatsTests.xctest */;
			productType = "com.apple.product-type.bundle.unit-test";
		};
		C045C39B2D2C86A900069E5F /* HeartBeatsUITests */ = {
			isa = PBXNativeTarget;
			buildConfigurationList = C045C3AC2D2C86A900069E5F /* Build configuration list for PBXNativeTarget "HeartBeatsUITests" */;
			buildPhases = (
				C045C3982D2C86A900069E5F /* Sources */,
				C045C3992D2C86A900069E5F /* Frameworks */,
				C045C39A2D2C86A900069E5F /* Resources */,
			);
			buildRules = (
			);
			dependencies = (
				C045C39E2D2C86A900069E5F /* PBXTargetDependency */,
			);
			fileSystemSynchronizedGroups = (
				C045C39F2D2C86A900069E5F /* HeartBeatsUITests */,
			);
			name = HeartBeatsUITests;
			packageProductDependencies = (
			);
			productName = HeartBeatsUITests;
			productReference = C045C39C2D2C86A900069E5F /* HeartBeatsUITests.xctest */;
			productType = "com.apple.product-type.bundle.ui-testing";
		};
/* End PBXNativeTarget section */

/* Begin PBXProject section */
		C045C3792D2C86A600069E5F /* Project object */ = {
			isa = PBXProject;
			attributes = {
				BuildIndependentTargetsInParallel = 1;
				LastSwiftUpdateCheck = 1620;
				LastUpgradeCheck = 1620;
				TargetAttributes = {
					C045C3802D2C86A600069E5F = {
						CreatedOnToolsVersion = 16.2;
					};
					C045C3912D2C86A900069E5F = {
						CreatedOnToolsVersion = 16.2;
						TestTargetID = C045C3802D2C86A600069E5F;
					};
					C045C39B2D2C86A900069E5F = {
						CreatedOnToolsVersion = 16.2;
						TestTargetID = C045C3802D2C86A600069E5F;
					};
				};
			};
			buildConfigurationList = C045C37C2D2C86A600069E5F /* Build configuration list for PBXProject "HeartBeats" */;
			developmentRegion = en;
			hasScannedForEncodings = 0;
			knownRegions = (
				en,
				Base,
			);
			mainGroup = C045C3782D2C86A600069E5F;
			minimizedProjectReferenceProxies = 1;
			preferredProjectObjectVersion = 77;
			productRefGroup = C045C3822D2C86A600069E5F /* Products */;
			projectDirPath = "";
			projectRoot = "";
			targets = (
				C045C3802D2C86A600069E5F /* HeartBeats */,
				C045C3912D2C86A900069E5F /* HeartBeatsTests */,
				C045C39B2D2C86A900069E5F /* HeartBeatsUITests */,
			);
		};
/* End PBXProject section */

/* Begin PBXResourcesBuildPhase section */
		C045C37F2D2C86A600069E5F /* Resources */ = {
			isa = PBXResourcesBuildPhase;
			buildActionMask = 2147483647;
			files = (
			);
			runOnlyForDeploymentPostprocessing = 0;
		};
		C045C3902D2C86A900069E5F /* Resources */ = {
			isa = PBXResourcesBuildPhase;
			buildActionMask = 2147483647;
			files = (
			);
			runOnlyForDeploymentPostprocessing = 0;
		};
		C045C39A2D2C86A900069E5F /* Resources */ = {
			isa = PBXResourcesBuildPhase;
			buildActionMask = 2147483647;
			files = (
			);
			runOnlyForDeploymentPostprocessing = 0;
		};
/* End PBXResourcesBuildPhase section */

/* Begin PBXShellScriptBuildPhase section */
		C0894D1E2D46946F00A78FEA /* ShellScript */ = {
			isa = PBXShellScriptBuildPhase;
			alwaysOutOfDate = 1;
			buildActionMask = 2147483647;
			files = (
			);
			inputFileListPaths = (
			);
			inputPaths = (
			);
			outputFileListPaths = (
			);
			outputPaths = (
			);
			runOnlyForDeploymentPostprocessing = 0;
			shellPath = /bin/zsh;
			shellScript = "export PATH=$PATH:/usr/local/go/bin\nexport PRODUCT_BUNDLE_IDENTIFIER=$(PRODUCT_BUNDLE_IDENTIFIER)\nexport MACOSX_DEPLOYMENT_TARGET=$(sw_vers -productVersion)\nsource /Users/juniorgreen/Documents/heartbeats/client/build.sh\n";
		};
/* End PBXShellScriptBuildPhase section */

/* Begin PBXSourcesBuildPhase section */
		C045C37D2D2C86A600069E5F /* Sources */ = {
			isa = PBXSourcesBuildPhase;
			buildActionMask = 2147483647;
			files = (
			);
			runOnlyForDeploymentPostprocessing = 0;
		};
		C045C38E2D2C86A900069E5F /* Sources */ = {
			isa = PBXSourcesBuildPhase;
			buildActionMask = 2147483647;
			files = (
			);
			runOnlyForDeploymentPostprocessing = 0;
		};
		C045C3982D2C86A900069E5F /* Sources */ = {
			isa = PBXSourcesBuildPhase;
			buildActionMask = 2147483647;
			files = (
			);
			runOnlyForDeploymentPostprocessing = 0;
		};
/* End PBXSourcesBuildPhase section */

/* Begin PBXTargetDependency section */
		C045C3942D2C86A900069E5F /* PBXTargetDependency */ = {
			isa = PBXTargetDependency;
			target = C045C3802D2C86A600069E5F /* HeartBeats */;
			targetProxy = C045C3932D2C86A900069E5F /* PBXContainerItemProxy */;
		};
		C045C39E2D2C86A900069E5F /* PBXTargetDependency */ = {
			isa = PBXTargetDependency;
			target = C045C3802D2C86A600069E5F /* HeartBeats */;
			targetProxy = C045C39D2D2C86A900069E5F /* PBXContainerItemProxy */;
		};
/* End PBXTargetDependency section */

/* Begin XCBuildConfiguration section */
		C045C3A42D2C86A900069E5F /* Debug */ = {
			isa = XCBuildConfiguration;
			buildSettings = {
				ALWAYS_SEARCH_USER_PATHS = NO;
				ASSETCATALOG_COMPILER_GENERATE_SWIFT_ASSET_SYMBOL_EXTENSIONS = YES;
				CLANG_ANALYZER_NONNULL = YES;
				CLANG_ANALYZER_NUMBER_OBJECT_CONVERSION = YES_AGGRESSIVE;
				CLANG_CXX_LANGUAGE_STANDARD = "gnu++20";
				CLANG_ENABLE_MODULES = YES;
				CLANG_ENABLE_OBJC_ARC = YES;
				CLANG_ENABLE_OBJC_WEAK = YES;
				CLANG_WARN_BLOCK_CAPTURE_AUTORELEASING = YES;
				CLANG_WARN_BOOL_CONVERSION = YES;
				CLANG_WARN_COMMA = YES;
				CLANG_WARN_CONSTANT_CONVERSION = YES;
				CLANG_WARN_DEPRECATED_OBJC_IMPLEMENTATIONS = YES;
				CLANG_WARN_DIRECT_OBJC_ISA_USAGE = YES_ERROR;
				CLANG_WARN_DOCUMENTATION_COMMENTS = YES;
				CLANG_WARN_EMPTY_BODY = YES;
				CLANG_WARN_ENUM_CONVERSION = YES;
				CLANG_WARN_INFINITE_RECURSION = YES;
				CLANG_WARN_INT_CONVERSION = YES;
				CLANG_WARN_NON_LITERAL_NULL_CONVERSION = YES;
				CLANG_WARN_OBJC_IMPLICIT_RETAIN_SELF = YES;
				CLANG_WARN_OBJC_LITERAL_CONVERSION = YES;
				CLANG_WARN_OBJC_ROOT_CLASS = YES_ERROR;
				CLANG_WARN_QUOTED_INCLUDE_IN_FRAMEWORK_HEADER = YES;
				CLANG_WARN_RANGE_LOOP_ANALYSIS = YES;
				CLANG_WARN_STRICT_PROTOTYPES = YES;
				CLANG_WARN_SUSPICIOUS_MOVE = YES;
				CLANG_WARN_UNGUARDED_AVAILABILITY = YES_AGGRESSIVE;
				CLANG_WARN_UNREACHABLE_CODE = YES;
				CLANG_WARN__DUPLICATE_METHOD_MATCH = YES;
				COPY_PHASE_STRIP = NO;
				DEBUG_INFORMATION_FORMAT = dwarf;
				ENABLE_STRICT_OBJC_MSGSEND = YES;
				ENABLE_TESTABILITY = YES;
				ENABLE_USER_SCRIPT_SANDBOXING = YES;
				GCC_C_LANGUAGE_STANDARD = gnu17;
				GCC_DYNAMIC_NO_PIC = NO;
				GCC_NO_COMMON_BLOCKS = YES;
				GCC_OPTIMIZATION_LEVEL = 0;
				GCC_PREPROCESSOR_DEFINITIONS = (
					"DEBUG=1",
					"$(inherited)",
				);
				GCC_WARN_64_TO_32_BIT_CONVERSION = YES;
				GCC_WARN_ABOUT_RETURN_TYPE = YES_ERROR;
				GCC_WARN_UNDECLARED_SELECTOR = YES;
				GCC_WARN_UNINITIALIZED_AUTOS = YES_AGGRESSIVE;
				GCC_WARN_UNUSED_FUNCTION = YES;
				GCC_WARN_UNUSED_VARIABLE = YES;
				LOCALIZATION_PREFERS_STRING_CATALOGS = YES;
				MACOSX_DEPLOYMENT_TARGET = 15.1;
				MTL_ENABLE_DEBUG_INFO = INCLUDE_SOURCE;
				MTL_FAST_MATH = YES;
				ONLY_ACTIVE_ARCH = YES;
				SDKROOT = macosx;
				SWIFT_ACTIVE_COMPILATION_CONDITIONS = "DEBUG $(inherited)";
				SWIFT_OPTIMIZATION_LEVEL = "-Onone";
			};
			name = Debug;
		};
		C045C3A52D2C86A900069E5F /* Release */ = {
			isa = XCBuildConfiguration;
			buildSettings = {
				ALWAYS_SEARCH_USER_PATHS = NO;
				ASSETCATALOG_COMPILER_GENERATE_SWIFT_ASSET_SYMBOL_EXTENSIONS = YES;
				CLANG_ANALYZER_NONNULL = YES;
				CLANG_ANALYZER_NUMBER_OBJECT_CONVERSION = YES_AGGRESSIVE;
				CLANG_CXX_LANGUAGE_STANDARD = "gnu++20";
				CLANG_ENABLE_MODULES = YES;
				CLANG_ENABLE_OBJC_ARC = YES;
				CLANG_ENABLE_OBJC_WEAK = YES;
				CLANG_WARN_BLOCK_CAPTURE_AUTORELEASING = YES;
				CLANG_WARN_BOOL_CONVERSION = YES;
				CLANG_WARN_COMMA = YES;
				CLANG_WARN_CONSTANT_CONVERSION = YES;
				CLANG_WARN_DEPRECATED_OBJC_IMPLEMENTATIONS = YES;
				CLANG_WARN_DIRECT_OBJC_ISA_USAGE = YES_ERROR;
				CLANG_WARN_DOCUMENTATION_COMMENTS = YES;
				CLANG_WARN_EMPTY_BODY = YES;
				CLANG_WARN_ENUM_CONVERSION = YES;
				CLANG_WARN_INFINITE_RECURSION = YES;
				CLANG_WARN_INT_CONVERSION = YES;
				CLANG_WARN_NON_LITERAL_NULL_CONVERSION = YES;
				CLANG_WARN_OBJC_IMPLICIT_RETAIN_SELF = YES;
				CLANG_WARN_OBJC_LITERAL_CONVERSION = YES;
				CLANG_WARN_OBJC_ROOT_CLASS = YES_ERROR;
				CLANG_WARN_QUOTED_INCLUDE_IN_FRAMEWORK_HEADER = YES;
				CLANG_WARN_RANGE_LOOP_ANALYSIS = YES;
				CLANG_WARN_STRICT_PROTOTYPES = YES;
				CLANG_WARN_SUSPICIOUS_MOVE = YES;
				CLANG_WARN_UNGUARDED_AVAILABILITY = YES_AGGRESSIVE;
				CLANG_WARN_UNREACHABLE_CODE = YES;
				CLANG_WARN__DUPLICATE_METHOD_MATCH = YES;
				COPY_PHASE_STRIP = NO;
				DEBUG_INFORMATION_FORMAT = "dwarf-with-dsym";
				ENABLE_NS_ASSERTIONS = NO;
				ENABLE_STRICT_OBJC_MSGSEND = YES;
				ENABLE_USER_SCRIPT_SANDBOXING = YES;
				GCC_C_LANGUAGE_STANDARD = gnu17;
				GCC_NO_COMMON_BLOCKS = YES;
				GCC_WARN_64_TO_32_BIT_CONVERSION = YES;
				GCC_WARN_ABOUT_RETURN_TYPE = YES_ERROR;
				GCC_WARN_UNDECLARED_SELECTOR = YES;
				GCC_WARN_UNINITIALIZED_AUTOS = YES_AGGRESSIVE;
				GCC_WARN_UNUSED_FUNCTION = YES;
				GCC_WARN_UNUSED_VARIABLE = YES;
				LOCALIZATION_PREFERS_STRING_CATALOGS = YES;
				MACOSX_DEPLOYMENT_TARGET = 15.1;
				MTL_ENABLE_DEBUG_INFO = NO;
				MTL_FAST_MATH = YES;
				SDKROOT = macosx;
				SWIFT_COMPILATION_MODE = wholemodule;
			};
			name = Release;
		};
		C045C3A72D2C86A900069E5F /* Debug */ = {
			isa = XCBuildConfiguration;
			buildSettings = {
				ASSETCATALOG_COMPILER_APPICON_NAME = AppIcon;
				ASSETCATALOG_COMPILER_GLOBAL_ACCENT_COLOR_NAME = AccentColor;
				ASSETCATALOG_COMPILER_INCLUDE_ALL_APPICON_ASSETS = NO;
				CODE_SIGN_ENTITLEMENTS = HeartBeats/HeartBeats.entitlements;
				"CODE_SIGN_IDENTITY[sdk=macosx*]" = "-";
				CODE_SIGN_STYLE = Automatic;
				COMBINE_HIDPI_IMAGES = YES;
				CURRENT_PROJECT_VERSION = 1;
				DEVELOPMENT_ASSET_PATHS = "\"HeartBeats/Preview Content\"";
				ENABLE_PREVIEWS = YES;
				ENABLE_USER_SCRIPT_SANDBOXING = NO;
				GENERATE_INFOPLIST_FILE = YES;
				INFOPLIST_FILE = HeartBeats/Info.plist;
				INFOPLIST_KEY_CFBundleDisplayName = HeartBeats;
				INFOPLIST_KEY_LSApplicationCategoryType = "public.app-category.developer-tools";
				INFOPLIST_KEY_NSHumanReadableCopyright = "";
				LD_RUNPATH_SEARCH_PATHS = (
					"$(inherited)",
					"@executable_path/../Frameworks",
				);
				MACOSX_DEPLOYMENT_TARGET = 14.6;
				MARKETING_VERSION = 1.0;
				PRODUCT_BUNDLE_IDENTIFIER = com.heartbeats.heartbeats;
				PRODUCT_NAME = "$(TARGET_NAME)";
				SWIFT_EMIT_LOC_STRINGS = YES;
				SWIFT_VERSION = 5.0;
			};
			name = Debug;
		};
		C045C3A82D2C86A900069E5F /* Release */ = {
			isa = XCBuildConfiguration;
			buildSettings = {
				ASSETCATALOG_COMPILER_APPICON_NAME = AppIcon;
				ASSETCATALOG_COMPILER_GLOBAL_ACCENT_COLOR_NAME = AccentColor;
				ASSETCATALOG_COMPILER_INCLUDE_ALL_APPICON_ASSETS = NO;
				CODE_SIGN_ENTITLEMENTS = HeartBeats/HeartBeats.entitlements;
				"CODE_SIGN_IDENTITY[sdk=macosx*]" = "-";
				CODE_SIGN_STYLE = Automatic;
				COMBINE_HIDPI_IMAGES = YES;
				CURRENT_PROJECT_VERSION = 1;
				DEVELOPMENT_ASSET_PATHS = "\"HeartBeats/Preview Content\"";
				ENABLE_PREVIEWS = YES;
				ENABLE_USER_SCRIPT_SANDBOXING = NO;
				GENERATE_INFOPLIST_FILE = YES;
				INFOPLIST_FILE = HeartBeats/Info.plist;
				INFOPLIST_KEY_CFBundleDisplayName = HeartBeats;
				INFOPLIST_KEY_LSApplicationCategoryType = "public.app-category.developer-tools";
				INFOPLIST_KEY_NSHumanReadableCopyright = "";
				LD_RUNPATH_SEARCH_PATHS = (
					"$(inherited)",
					"@executable_path/../Frameworks",
				);
				MACOSX_DEPLOYMENT_TARGET = 14.6;
				MARKETING_VERSION = 1.0;
				PRODUCT_BUNDLE_IDENTIFIER = com.heartbeats.heartbeats;
				PRODUCT_NAME = "$(TARGET_NAME)";
				SWIFT_EMIT_LOC_STRINGS = YES;
				SWIFT_VERSION = 5.0;
			};
			name = Release;
		};
		C045C3AA2D2C86A900069E5F /* Debug */ = {
			isa = XCBuildConfiguration;
			buildSettings = {
				BUNDLE_LOADER = "$(TEST_HOST)";
				CODE_SIGN_STYLE = Automatic;
				CURRENT_PROJECT_VERSION = 1;
				GENERATE_INFOPLIST_FILE = YES;
				MACOSX_DEPLOYMENT_TARGET = 15.1;
				MARKETING_VERSION = 1.0;
				PRODUCT_BUNDLE_IDENTIFIER = com.example.HeartBeatsTests;
				PRODUCT_NAME = "$(TARGET_NAME)";
				SWIFT_EMIT_LOC_STRINGS = NO;
				SWIFT_VERSION = 5.0;
				TEST_HOST = "$(BUILT_PRODUCTS_DIR)/HeartBeats.app/$(BUNDLE_EXECUTABLE_FOLDER_PATH)/HeartBeats";
			};
			name = Debug;
		};
		C045C3AB2D2C86A900069E5F /* Release */ = {
			isa = XCBuildConfiguration;
			buildSettings = {
				BUNDLE_LOADER = "$(TEST_HOST)";
				CODE_SIGN_STYLE = Automatic;
				CURRENT_PROJECT_VERSION = 1;
				GENERATE_INFOPLIST_FILE = YES;
				MACOSX_DEPLOYMENT_TARGET = 15.1;
				MARKETING_VERSION = 1.0;
				PRODUCT_BUNDLE_IDENTIFIER = com.example.HeartBeatsTests;
				PRODUCT_NAME = "$(TARGET_NAME)";
				SWIFT_EMIT_LOC_STRINGS = NO;
				SWIFT_VERSION = 5.0;
				TEST_HOST = "$(BUILT_PRODUCTS_DIR)/HeartBeats.app/$(BUNDLE_EXECUTABLE_FOLDER_PATH)/HeartBeats";
			};
			name = Release;
		};
		C045C3AD2D2C86A900069E5F /* Debug */ = {
			isa = XCBuildConfiguration;
			buildSettings = {
				CODE_SIGN_STYLE = Automatic;
				CURRENT_PROJECT_VERSION = 1;
				GENERATE_INFOPLIST_FILE = YES;
				MARKETING_VERSION = 1.0;
				PRODUCT_BUNDLE_IDENTIFIER = com.example.HeartBeatsUITests;
				PRODUCT_NAME = "$(TARGET_NAME)";
				SWIFT_EMIT_LOC_STRINGS = NO;
				SWIFT_VERSION = 5.0;
				TEST_TARGET_NAME = HeartBeats;
			};
			name = Debug;
		};
		C045C3AE2D2C86A900069E5F /* Release */ = {
			isa = XCBuildConfiguration;
			buildSettings = {
				CODE_SIGN_STYLE = Automatic;
				CURRENT_PROJECT_VERSION = 1;
				GENERATE_INFOPLIST_FILE = YES;
				MARKETING_VERSION = 1.0;
				PRODUCT_BUNDLE_IDENTIFIER = com.example.HeartBeatsUITests;
				PRODUCT_NAME = "$(TARGET_NAME)";
				SWIFT_EMIT_LOC_STRINGS = NO;
				SWIFT_VERSION = 5.0;
				TEST_TARGET_NAME = HeartBeats;
			};
			name = Release;
		};
/* End XCBuildConfiguration section */

/* Begin XCConfigurationList section */
		C045C37C2D2C86A600069E5F /* Build configuration list for PBXProject "HeartBeats" */ = {
			isa = XCConfigurationList;
			buildConfigurations = (
				C045C3A42D2C86A900069E5F /* Debug */,
				C045C3A52D2C86A900069E5F /* Release */,
			);
			defaultConfigurationIsVisible = 0;
			defaultConfigurationName = Release;
		};
		C045C3A62D2C86A900069E5F /* Build configuration list for PBXNativeTarget "HeartBeats" */ = {
			isa = XCConfigurationList;
			buildConfigurations = (
				C045C3A72D2C86A900069E5F /* Debug */,
				C045C3A82D2C86A900069E5F /* Release */,
			);
			defaultConfigurationIsVisible = 0;
			defaultConfigurationName = Release;
		};
		C045C3A92D2C86A900069E5F /* Build configuration list for PBXNativeTarget "HeartBeatsTests" */ = {
			isa = XCConfigurationList;
			buildConfigurations = (
				C045C3AA2D2C86A900069E5F /* Debug */,
				C045C3AB2D2C86A900069E5F /* Release */,
			);
			defaultConfigurationIsVisible = 0;
			defaultConfigurationName = Release;
		};
		C045C3AC2D2C86A900069E5F /* Build configuration list for PBXNativeTarget "HeartBeatsUITests" */ = {
			isa = XCConfigurationList;
			buildConfigurations = (
				C045C3AD2D2C86A900069E5F /* Debug */,
				C045C3AE2D2C86A900069E5F /* Release */,
			);
			defaultConfigurationIsVisible = 0;
			defaultConfigurationName = Release;
		};
/* End XCConfigurationList section */
	};
	rootObject = C045C3792D2C86A600069E5F /* Project object */;
}
